// !$*UTF8*$!
{
	archiveVersion = 1;
	classes = {
	};
	objectVersion = 48;
	objects = {

/* Begin PBXBuildFile section */
		4C924D6A1FC6B7870000BEE4 /* AppDelegate.m in Sources */ = {isa = PBXBuildFile; fileRef = 4C924D691FC6B7870000BEE4 /* AppDelegate.m */; };
		4C924D6D1FC6B7870000BEE4 /* ViewController.m in Sources */ = {isa = PBXBuildFile; fileRef = 4C924D6C1FC6B7870000BEE4 /* ViewController.m */; };
		4C924D701FC6B7870000BEE4 /* Main.storyboard in Resources */ = {isa = PBXBuildFile; fileRef = 4C924D6E1FC6B7870000BEE4 /* Main.storyboard */; };
		4C924D721FC6B7870000BEE4 /* Assets.xcassets in Resources */ = {isa = PBXBuildFile; fileRef = 4C924D711FC6B7870000BEE4 /* Assets.xcassets */; };
		4C924D751FC6B7870000BEE4 /* LaunchScreen.storyboard in Resources */ = {isa = PBXBuildFile; fileRef = 4C924D731FC6B7870000BEE4 /* LaunchScreen.storyboard */; };
		4C924D781FC6B7870000BEE4 /* main.m in Sources */ = {isa = PBXBuildFile; fileRef = 4C924D771FC6B7870000BEE4 /* main.m */; };
		4C924D831FC6BC630000BEE4 /* AudioTools.m in Sources */ = {isa = PBXBuildFile; fileRef = 4C924D821FC6BC630000BEE4 /* AudioTools.m */; };
/* End PBXBuildFile section */

/* Begin PBXFileReference section */
		4C924D651FC6B7870000BEE4 /* AudioUnit_IO.app */ = {isa = PBXFileReference; explicitFileType = wrapper.application; includeInIndex = 0; path = AudioUnit_IO.app; sourceTree = BUILT_PRODUCTS_DIR; };
		4C924D681FC6B7870000BEE4 /* AppDelegate.h */ = {isa = PBXFileReference; lastKnownFileType = sourcecode.c.h; path = AppDelegate.h; sourceTree = "<group>"; };
		4C924D691FC6B7870000BEE4 /* AppDelegate.m */ = {isa = PBXFileReference; lastKnownFileType = sourcecode.c.objc; path = AppDelegate.m; sourceTree = "<group>"; };
		4C924D6B1FC6B7870000BEE4 /* ViewController.h */ = {isa = PBXFileReference; lastKnownFileType = sourcecode.c.h; path = ViewController.h; sourceTree = "<group>"; };
		4C924D6C1FC6B7870000BEE4 /* ViewController.m */ = {isa = PBXFileReference; lastKnownFileType = sourcecode.c.objc; path = ViewController.m; sourceTree = "<group>"; };
		4C924D6F1FC6B7870000BEE4 /* Base */ = {isa = PBXFileReference; lastKnownFileType = file.storyboard; name = Base; path = Base.lproj/Main.storyboard; sourceTree = "<group>"; };
		4C924D711FC6B7870000BEE4 /* Assets.xcassets */ = {isa = PBXFileReference; lastKnownFileType = folder.assetcatalog; path = Assets.xcassets; sourceTree = "<group>"; };
		4C924D741FC6B7870000BEE4 /* Base */ = {isa = PBXFileReference; lastKnownFileType = file.storyboard; name = Base; path = Base.lproj/LaunchScreen.storyboard; sourceTree = "<group>"; };
		4C924D761FC6B7870000BEE4 /* Info.plist */ = {isa = PBXFileReference; lastKnownFileType = text.plist.xml; path = Info.plist; sourceTree = "<group>"; };
		4C924D771FC6B7870000BEE4 /* main.m */ = {isa = PBXFileReference; lastKnownFileType = sourcecode.c.objc; path = main.m; sourceTree = "<group>"; };
		4C924D811FC6BC630000BEE4 /* AudioTools.h */ = {isa = PBXFileReference; lastKnownFileType = sourcecode.c.h; path = AudioTools.h; sourceTree = "<group>"; };
		4C924D821FC6BC630000BEE4 /* AudioTools.m */ = {isa = PBXFileReference; lastKnownFileType = sourcecode.c.objc; path = AudioTools.m; sourceTree = "<group>"; };
/* End PBXFileReference section */

/* Begin PBXFrameworksBuildPhase section */
		4C924D621FC6B7870000BEE4 /* Frameworks */ = {
			isa = PBXFrameworksBuildPhase;
			buildActionMask = 2147483647;
			files = (
			);
			runOnlyForDeploymentPostprocessing = 0;
		};
/* End PBXFrameworksBuildPhase section */

/* Begin PBXGroup section */
		4C924D5C1FC6B7870000BEE4 = {
			isa = PBXGroup;
			children = (
				4C924D811FC6BC630000BEE4 /* AudioTools.h */,
				4C924D821FC6BC630000BEE4 /* AudioTools.m */,
				4C924D671FC6B7870000BEE4 /* AudioUnit_IO */,
				4C924D661FC6B7870000BEE4 /* Products */,
			);
			sourceTree = "<group>";
		};
		4C924D661FC6B7870000BEE4 /* Products */ = {
			isa = PBXGroup;
			children = (
				4C924D651FC6B7870000BEE4 /* AudioUnit_IO.app */,
			);
			name = Products;
			sourceTree = "<group>";
		};
		4C924D671FC6B7870000BEE4 /* AudioUnit_IO */ = {
			isa = PBXGroup;
			children = (
				4C924D681FC6B7870000BEE4 /* AppDelegate.h */,
				4C924D691FC6B7870000BEE4 /* AppDelegate.m */,
				4C924D6B1FC6B7870000BEE4 /* ViewController.h */,
				4C924D6C1FC6B7870000BEE4 /* ViewController.m */,
				4C924D6E1FC6B7870000BEE4 /* Main.storyboard */,
				4C924D711FC6B7870000BEE4 /* Assets.xcassets */,
				4C924D731FC6B7870000BEE4 /* LaunchScreen.storyboard */,
				4C924D761FC6B7870000BEE4 /* Info.plist */,
				4C924D771FC6B7870000BEE4 /* main.m */,
			);
			path = AudioUnit_IO;
			sourceTree = "<group>";
		};
/* End PBXGroup section */

/* Begin PBXNativeTarget section */
		4C924D641FC6B7870000BEE4 /* AudioUnit_IO */ = {
			isa = PBXNativeTarget;
			buildConfigurationList = 4C924D7B1FC6B7870000BEE4 /* Build configuration list for PBXNativeTarget "AudioUnit_IO" */;
			buildPhases = (
				4C924D611FC6B7870000BEE4 /* Sources */,
				4C924D621FC6B7870000BEE4 /* Frameworks */,
				4C924D631FC6B7870000BEE4 /* Resources */,
			);
			buildRules = (
			);
			dependencies = (
			);
			name = AudioUnit_IO;
			productName = AudioUnit_IO;
			productReference = 4C924D651FC6B7870000BEE4 /* AudioUnit_IO.app */;
			productType = "com.apple.product-type.application";
		};
/* End PBXNativeTarget section */

/* Begin PBXProject section */
		4C924D5D1FC6B7870000BEE4 /* Project object */ = {
			isa = PBXProject;
			attributes = {
				LastUpgradeCheck = 0920;
				ORGANIZATIONNAME = renzhicheng;
				TargetAttributes = {
					4C924D641FC6B7870000BEE4 = {
						CreatedOnToolsVersion = 9.2;
						ProvisioningStyle = Automatic;
					};
				};
			};
			buildConfigurationList = 4C924D601FC6B7870000BEE4 /* Build configuration list for PBXProject "AudioUnit_IO" */;
			compatibilityVersion = "Xcode 8.0";
			developmentRegion = en;
			hasScannedForEncodings = 0;
			knownRegions = (
				en,
				Base,
			);
			mainGroup = 4C924D5C1FC6B7870000BEE4;
			productRefGroup = 4C924D661FC6B7870000BEE4 /* Products */;
			projectDirPath = "";
			projectRoot = "";
			targets = (
				4C924D641FC6B7870000BEE4 /* AudioUnit_IO */,
			);
		};
/* End PBXProject section */

/* Begin PBXResourcesBuildPhase section */
		4C924D631FC6B7870000BEE4 /* Resources */ = {
			isa = PBXResourcesBuildPhase;
			buildActionMask = 2147483647;
			files = (
				4C924D751FC6B7870000BEE4 /* LaunchScreen.storyboard in Resources */,
				4C924D721FC6B7870000BEE4 /* Assets.xcassets in Resources */,
				4C924D701FC6B7870000BEE4 /* Main.storyboard in Resources */,
			);
			runOnlyForDeploymentPostprocessing = 0;
		};
/* End PBXResourcesBuildPhase section */

/* Begin PBXSourcesBuildPhase section */
		4C924D611FC6B7870000BEE4 /* Sources */ = {
			isa = PBXSourcesBuildPhase;
			buildActionMask = 2147483647;
			files = (
				4C924D6D1FC6B7870000BEE4 /* ViewController.m in Sources */,
				4C924D781FC6B7870000BEE4 /* main.m in Sources */,
				4C924D831FC6BC630000BEE4 /* AudioTools.m in Sources */,
				4C924D6A1FC6B7870000BEE4 /* AppDelegate.m in Sources */,
			);
			runOnlyForDeploymentPostprocessing = 0;
		};
/* End PBXSourcesBuildPhase section */

/* Begin PBXVariantGroup section */
		4C924D6E1FC6B7870000BEE4 /* Main.storyboard */ = {
			isa = PBXVariantGroup;
			children = (
				4C924D6F1FC6B7870000BEE4 /* Base */,
			);
			name = Main.storyboard;
			sourceTree = "<group>";
		};
		4C924D731FC6B7870000BEE4 /* LaunchScreen.storyboard */ = {
			isa = PBXVariantGroup;
			children = (
				4C924D741FC6B7870000BEE4 /* Base */,
			);
			name = LaunchScreen.storyboard;
			sourceTree = "<group>";
		};
/* End PBXVariantGroup section */

/* Begin XCBuildConfiguration section */
		4C924D791FC6B7870000BEE4 /* Debug */ = {
			isa = XCBuildConfiguration;
			buildSettings = {
				ALWAYS_SEARCH_USER_PATHS = NO;
				CLANG_ANALYZER_NONNULL = YES;
				CLANG_ANALYZER_NUMBER_OBJECT_CONVERSION = YES_AGGRESSIVE;
				CLANG_CXX_LANGUAGE_STANDARD = "gnu++14";
				CLANG_CXX_LIBRARY = "libc++";
				CLANG_ENABLE_MODULES = YES;
				CLANG_ENABLE_OBJC_ARC = YES;
				CLANG_WARN_BLOCK_CAPTURE_AUTORELEASING = YES;
				CLANG_WARN_BOOL_CONVERSION = YES;
				CLANG_WARN_COMMA = YES;
				CLANG_WARN_CONSTANT_CONVERSION = YES;
				CLANG_WARN_DIRECT_OBJC_ISA_USAGE = YES_ERROR;
				CLANG_WARN_DOCUMENTATION_COMMENTS = YES;
				CLANG_WARN_EMPTY_BODY = YES;
				CLANG_WARN_ENUM_CONVERSION = YES;
				CLANG_WARN_INFINITE_RECURSION = YES;
				CLANG_WARN_INT_CONVERSION = YES;
				CLANG_WARN_NON_LITERAL_NULL_CONVERSION = YES;
				CLANG_WARN_OBJC_LITERAL_CONVERSION = YES;
				CLANG_WARN_OBJC_ROOT_CLASS = YES_ERROR;
				CLANG_WARN_RANGE_LOOP_ANALYSIS = YES;
				CLANG_WARN_STRICT_PROTOTYPES = YES;
				CLANG_WARN_SUSPICIOUS_MOVE = YES;
				CLANG_WARN_UNGUARDED_AVAILABILITY = YES_AGGRESSIVE;
				CLANG_WARN_UNREACHABLE_CODE = YES;
				CLANG_WARN__DUPLICATE_METHOD_MATCH = YES;
				CODE_SIGN_IDENTITY = "iPhone Developer";
				COPY_PHASE_STRIP = NO;
				DEBUG_INFORMATION_FORMAT = dwarf;
				ENABLE_STRICT_OBJC_MSGSEND = YES;
				ENABLE_TESTABILITY = YES;
				GCC_C_LANGUAGE_STANDARD = gnu11;
				GCC_DYNAMIC_NO_PIC = NO;
				GCC_NO_COMMON_BLOCKS = YES;
				GCC_OPTIMIZATION_LEVEL = 0;
				GCC_PREPROCESSOR_DEFINITIONS = (
					"DEBUG=1",
					"$(inherited)",
				);
				GCC_WARN_64_TO_32_BIT_CONVERSION = YES;
				GCC_WARN_ABOUT_RETURN_TYPE = YES_ERROR;
				GCC_WARN_UNDECLARED_SELECTOR = YES;
				GCC_WARN_UNINITIALIZED_AUTOS = YES_AGGRESSIVE;
				GCC_WARN_UNUSED_FUNCTION = YES;
				GCC_WARN_UNUSED_VARIABLE = YES;
				IPHONEOS_DEPLOYMENT_TARGET = 11.2;
				MTL_ENABLE_DEBUG_INFO = YES;
				ONLY_ACTIVE_ARCH = YES;
				SDKROOT = iphoneos;
			};
			name = Debug;
		};
		4C924D7A1FC6B7870000BEE4 /* Release */ = {
			isa = XCBuildConfiguration;
			buildSettings = {
				ALWAYS_SEARCH_USER_PATHS = NO;
				CLANG_ANALYZER_NONNULL = YES;
				CLANG_ANALYZER_NUMBER_OBJECT_CONVERSION = YES_AGGRESSIVE;
				CLANG_CXX_LANGUAGE_STANDARD = "gnu++14";
				CLANG_CXX_LIBRARY = "libc++";
				CLANG_ENABLE_MODULES = YES;
				CLANG_ENABLE_OBJC_ARC = YES;
				CLANG_WARN_BLOCK_CAPTURE_AUTORELEASING = YES;
				CLANG_WARN_BOOL_CONVERSION = YES;
				CLANG_WARN_COMMA = YES;
				CLANG_WARN_CONSTANT_CONVERSION = YES;
				CLANG_WARN_DIRECT_OBJC_ISA_USAGE = YES_ERROR;
				CLANG_WARN_DOCUMENTATION_COMMENTS = YES;
				CLANG_WARN_EMPTY_BODY = YES;
				CLANG_WARN_ENUM_CONVERSION = YES;
				CLANG_WARN_INFINITE_RECURSION = YES;
				CLANG_WARN_INT_CONVERSION = YES;
				CLANG_WARN_NON_LITERAL_NULL_CONVERSION = YES;
				CLANG_WARN_OBJC_LITERAL_CONVERSION = YES;
				CLANG_WARN_OBJC_ROOT_CLASS = YES_ERROR;
				CLANG_WARN_RANGE_LOOP_ANALYSIS = YES;
				CLANG_WARN_STRICT_PROTOTYPES = YES;
				CLANG_WARN_SUSPICIOUS_MOVE = YES;
				CLANG_WARN_UNGUARDED_AVAILABILITY = YES_AGGRESSIVE;
				CLANG_WARN_UNREACHABLE_CODE = YES;
				CLANG_WARN__DUPLICATE_METHOD_MATCH = YES;
				CODE_SIGN_IDENTITY = "iPhone Developer";
				COPY_PHASE_STRIP = NO;
				DEBUG_INFORMATION_FORMAT = "dwarf-with-dsym";
				ENABLE_NS_ASSERTIONS = NO;
				ENABLE_STRICT_OBJC_MSGSEND = YES;
				GCC_C_LANGUAGE_STANDARD = gnu11;
				GCC_NO_COMMON_BLOCKS = YES;
				GCC_WARN_64_TO_32_BIT_CONVERSION = YES;
				GCC_WARN_ABOUT_RETURN_TYPE = YES_ERROR;
				GCC_WARN_UNDECLARED_SELECTOR = YES;
				GCC_WARN_UNINITIALIZED_AUTOS = YES_AGGRESSIVE;
				GCC_WARN_UNUSED_FUNCTION = YES;
				GCC_WARN_UNUSED_VARIABLE = YES;
				IPHONEOS_DEPLOYMENT_TARGET = 11.2;
				MTL_ENABLE_DEBUG_INFO = NO;
				SDKROOT = iphoneos;
				VALIDATE_PRODUCT = YES;
			};
			name = Release;
		};
		4C924D7C1FC6B7870000BEE4 /* Debug */ = {
			isa = XCBuildConfiguration;
			buildSettings = {
				ASSETCATALOG_COMPILER_APPICON_NAME = AppIcon;
				CODE_SIGN_STYLE = Automatic;
				DEVELOPMENT_TEAM = JP3956KA38;
				INFOPLIST_FILE = AudioUnit_IO/Info.plist;
				LD_RUNPATH_SEARCH_PATHS = "$(inherited) @executable_path/Frameworks";
				PRODUCT_BUNDLE_IDENTIFIER = "renzhicheng.AudioUnit-IO";
				PRODUCT_NAME = "$(TARGET_NAME)";
				TARGETED_DEVICE_FAMILY = "1,2";
			};
			name = Debug;
		};
		4C924D7D1FC6B7870000BEE4 /* Release */ = {
			isa = XCBuildConfiguration;
			buildSettings = {
				ASSETCATALOG_COMPILER_APPICON_NAME = AppIcon;
				CODE_SIGN_STYLE = Automatic;
				DEVELOPMENT_TEAM = JP3956KA38;
				INFOPLIST_FILE = AudioUnit_IO/Info.plist;
				LD_RUNPATH_SEARCH_PATHS = "$(inherited) @executable_path/Frameworks";
				PRODUCT_BUNDLE_IDENTIFIER = "renzhicheng.AudioUnit-IO";
				PRODUCT_NAME = "$(TARGET_NAME)";
				TARGETED_DEVICE_FAMILY = "1,2";
			};
			name = Release;
		};
/* End XCBuildConfiguration section */

/* Begin XCConfigurationList section */
		4C924D601FC6B7870000BEE4 /* Build configuration list for PBXProject "AudioUnit_IO" */ = {
			isa = XCConfigurationList;
			buildConfigurations = (
				4C924D791FC6B7870000BEE4 /* Debug */,
				4C924D7A1FC6B7870000BEE4 /* Release */,
			);
			defaultConfigurationIsVisible = 0;
			defaultConfigurationName = Release;
		};
		4C924D7B1FC6B7870000BEE4 /* Build configuration list for PBXNativeTarget "AudioUnit_IO" */ = {
			isa = XCConfigurationList;
			buildConfigurations = (
				4C924D7C1FC6B7870000BEE4 /* Debug */,
				4C924D7D1FC6B7870000BEE4 /* Release */,
			);
			defaultConfigurationIsVisible = 0;
			defaultConfigurationName = Release;
		};
/* End XCConfigurationList section */
	};
	rootObject = 4C924D5D1FC6B7870000BEE4 /* Project object */;
}
